version = 1
revision = 3
requires-python = ">=3.13"

[[package]]
name = "files"
version = "0.1.0"
source = { virtual = "." }
dependencies = [
    { name = "pynvim" },
]

[package.metadata]
requires-dist = [{ name = "pynvim", specifier = ">=0.6.0" }]

[[package]]
name = "greenlet"
version = "3.5.2"
source = { registry = "https://pypi.org/simple" }
sdist = { url = "https://files.pythonhosted.org/packages/dd/8b/befc3cb36965f397d87e86fb3b00e3ec0dc67c1ecb0986d7f54ee528f018/greenlet-3.5.2.tar.gz", hash = "sha256:c1b906220d83c140361cdd12eef970fb5881a168b98ee58a43786426173da14c", size = 199243, upload-time = "2026-06-17T20:19:01.317Z" }
wheels = [
    { url = "https://files.pythonhosted.org/packages/d0/3c/bb37b9d40d65b0741a8b040ca5c307034d0a9822994dff5f825c88dd7a6b/greenlet-3.5.2-cp313-cp313-macosx_11_0_universal2.whl", hash = "sha256:0629377725977252159de1ebd3c6e49c170a63856e585446797bb3d66d4d9c34", size = 287178, upload-time = "2026-06-17T17:35:25.132Z" },
    { url = "https://files.pythonhosted.org/packages/f0/a6/0c5902393f492f8ceb19d0b5cf139284e3a11b333a049739643b1036b6f8/greenlet-3.5.2-cp313-cp313-manylinux_2_24_aarch64.manylinux_2_28_aarch64.whl", hash = "sha256:a2ddf9eddc617681108dd071b3feabf3f4a4cd64846254aec4d4ceda098b639a", size = 606900, upload-time = "2026-06-17T18:07:21.692Z" },
    { url = "https://files.pythonhosted.org/packages/d8/7c/42899c31d4b87148ae4e3f87f63e13398824be6241f4dde42ded95768a34/greenlet-3.5.2-cp313-cp313-manylinux_2_24_ppc64le.manylinux_2_28_ppc64le.whl", hash = "sha256:f41feb9f2b59e2e61ac9bea4e344ddd9396bf3cacb2583f73a3595ed7df6f8e7", size = 619265, upload-time = "2026-06-17T18:29:44.837Z" },
    { url = "https://files.pythonhosted.org/packages/6a/7e/28f991affb413b232b1e7d768db24c37b3f4d5daecc3f19b455d40bd2dea/greenlet-3.5.2-cp313-cp313-manylinux_2_24_s390x.manylinux_2_28_s390x.whl", hash = "sha256:9dc23f0e5ad76415457212a4b947d22ebe4dc80baf02adf7dd5647a90f38bb4e", size = 625044, upload-time = "2026-06-17T18:39:29.046Z" },
    { url = "https://files.pythonhosted.org/packages/d3/52/4ff8c98d3cfe62b4515f8584ae14510a58f35c549cc5292b78d9b7a40b70/greenlet-3.5.2-cp313-cp313-manylinux_2_24_x86_64.manylinux_2_28_x86_64.whl", hash = "sha256:09201fa698768db245920b00fdc86ee3e73540f01ca6db162be9632642e1a473", size = 616187, upload-time = "2026-06-17T17:39:29.473Z" },
    { url = "https://files.pythonhosted.org/packages/29/05/0cc9ec660e7acff85f93b0a048b6654371c822c884add44c02a465cf70e0/greenlet-3.5.2-cp313-cp313-manylinux_2_39_riscv64.whl", hash = "sha256:423167363c510a75b649f5cd58d873c29498ea03598b9e4b1c3b73e0f899f3d5", size = 427322, upload-time = "2026-06-17T18:41:20.892Z" },
    { url = "https://files.pythonhosted.org/packages/c9/a6/269c8bf9aefc13361ce1088f0e392b154cb21005de7862e42b5d782b81fd/greenlet-3.5.2-cp313-cp313-musllinux_1_2_aarch64.whl", hash = "sha256:a1759fa4f14c398508cf20dc8037de55cc23ae8bd14c185c2718257837195ca5", size = 1573778, upload-time = "2026-06-17T18:22:13.497Z" },
    { url = "https://files.pythonhosted.org/packages/1f/9b/391d015cbc6323e81b14c02cf825fdca7e0049c9bb489bf4ac72883118ba/greenlet-3.5.2-cp313-cp313-musllinux_1_2_x86_64.whl", hash = "sha256:b9318cdeb9abdbfdd8bc8464ee4a06dffde2c7846e1def138365a6240ab2c9a5", size = 1638092, upload-time = "2026-06-17T17:40:08.163Z" },
    { url = "https://files.pythonhosted.org/packages/49/53/5b4df711f4356c62e85d9f819d87966d526d1cfb32bae49a8f7d6fc36ea4/greenlet-3.5.2-cp313-cp313-win_amd64.whl", hash = "sha256:2c3b3311af72b3d3b03cc0f1ffd11f072e834be5d0444105cf715fc44434e39c", size = 239352, upload-time = "2026-06-17T17:38:51.593Z" },
    { url = "https://files.pythonhosted.org/packages/bb/b6/18efc3a329ec035c3f344b8f2b60356451950ddf9b7b64ff00023778a1dd/greenlet-3.5.2-cp313-cp313-win_arm64.whl", hash = "sha256:f9bbd6216c45a563c2a61e478e038b439d9f248bde44f775ea37d339da643af4", size = 237635, upload-time = "2026-06-17T17:35:36.632Z" },
    { url = "https://files.pythonhosted.org/packages/c7/89/aaafc8e14de4ac882e02ccb963225329b0e8578aba4365e71eb678e45722/greenlet-3.5.2-cp314-cp314-macosx_11_0_universal2.whl", hash = "sha256:1c31219badba285858ba8ed117f403dea7fafee6bade9a1991875aae530c3ceb", size = 287676, upload-time = "2026-06-17T17:33:31.514Z" },
    { url = "https://files.pythonhosted.org/packages/b8/fc/2308249206c12ac70de7b9a00970f84f07d10b3cd60e05d2fbcaa84124e8/greenlet-3.5.2-cp314-cp314-manylinux_2_24_aarch64.manylinux_2_28_aarch64.whl", hash = "sha256:6f96ed6f4adc1066954ae95f45717657cb67468ef3b89e9a3632e14a625a8f39", size = 653552, upload-time = "2026-06-17T18:07:23.493Z" },
    { url = "https://files.pythonhosted.org/packages/7c/24/47730d1f8f1336b9b089237521ed7a26eee997065dcb4cab81cdca333abc/greenlet-3.5.2-cp314-cp314-manylinux_2_24_ppc64le.manylinux_2_28_ppc64le.whl", hash = "sha256:5795e883e915333c0d5648faaa691857fbc7180136883edc377f50f0d509c2a8", size = 665756, upload-time = "2026-06-17T18:29:46.616Z" },
    { url = "https://files.pythonhosted.org/packages/23/5c/2664d290cbd1fef9eb3f69b5d3bc5aa91b6fa907519298ca6af93a90c6cb/greenlet-3.5.2-cp314-cp314-manylinux_2_24_s390x.manylinux_2_28_s390x.whl", hash = "sha256:6e9e49d732ee92a189bb7035e293029244aeba648297a9b856dc733d17ca7f0d", size = 669989, upload-time = "2026-06-17T18:39:30.79Z" },
    { url = "https://files.pythonhosted.org/packages/99/69/d6c99db15dc0b5e892ac3cc7b942c8b21f4a9cc3bd9ea0bc3b0f339ffbd4/greenlet-3.5.2-cp314-cp314-manylinux_2_24_x86_64.manylinux_2_28_x86_64.whl", hash = "sha256:26aed8d9503ca78889141a9739d71b383efea5f472a7c522b5410f7eb2a1b163", size = 663228, upload-time = "2026-06-17T17:39:31.073Z" },
    { url = "https://files.pythonhosted.org/packages/42/d4/fcb53fa9847d7fbd4723fbed9469c3869b9e3544c4e001d9d5aa2f66162d/greenlet-3.5.2-cp314-cp314-manylinux_2_39_riscv64.whl", hash = "sha256:537c5c4f30395020bb9f48f53146070e3b997c3c75da14011ab732aaa19ce3ef", size = 472888, upload-time = "2026-06-17T18:41:22.511Z" },
    { url = "https://files.pythonhosted.org/packages/4f/88/9e603f448e2bc107c883e95817b980fb9b45ba6aea0299b2e9978124bea2/greenlet-3.5.2-cp314-cp314-musllinux_1_2_aarch64.whl", hash = "sha256:dbebc038fcdda8f8f21cce985fd04e34e0f42007e7fc7ab7ad285caf77974b95", size = 1620723, upload-time = "2026-06-17T18:22:14.817Z" },
    { url = "https://files.pythonhosted.org/packages/11/91/26da17e3777858c16fdb8d020a4c68f3a03cb92f238de8f5351d5d5186e9/greenlet-3.5.2-cp314-cp314-musllinux_1_2_x86_64.whl", hash = "sha256:a207023f1cf8695fd82580b8099c09c5809be18bc2282362cdfb965dd884a317", size = 1684227, upload-time = "2026-06-17T17:40:09.536Z" },
    { url = "https://files.pythonhosted.org/packages/2d/44/b3a11f7aa34cb38f1b7f3df8bcd9fcd09bac9d342c2a2c9b8686c804bcd2/greenlet-3.5.2-cp314-cp314-win_amd64.whl", hash = "sha256:c674a1dd4fe41f6a93febe7ab366ceabf15080ea31a9307811c56dac5f435f73", size = 240257, upload-time = "2026-06-17T17:35:23.359Z" },
    { url = "https://files.pythonhosted.org/packages/de/e3/3b62145fe917311732041a258adb218248add00542e3131c48bd047fbed5/greenlet-3.5.2-cp314-cp314-win_arm64.whl", hash = "sha256:3c417cd6c593bbbef6f7aa31a79f37d3db7d18832fc56b694a2150130bde784e", size = 239038, upload-time = "2026-06-17T17:37:56.792Z" },
    { url = "https://files.pythonhosted.org/packages/47/ac/d3bad483e9f6cd1848604fdffa32cac25846dd6dfcec0e6f81c790185518/greenlet-3.5.2-cp314-cp314t-macosx_11_0_universal2.whl", hash = "sha256:a96457a30384de52d9c5d2fd33abf6c1daae3db392cd556738f408b1a79a1cf0", size = 295668, upload-time = "2026-06-17T17:36:02.293Z" },
    { url = "https://files.pythonhosted.org/packages/00/e9/3a7e557b895fd0469b00cd0b2bd498ba950e8bfdf6d7adeecf2c5e4130a6/greenlet-3.5.2-cp314-cp314t-manylinux_2_24_aarch64.manylinux_2_28_aarch64.whl", hash = "sha256:e4af5d4961818ab651d09c1448a03b1ba2a1726a076266ebb62330bab9f3238c", size = 652820, upload-time = "2026-06-17T18:07:24.95Z" },
    { url = "https://files.pythonhosted.org/packages/78/67/6225d5c5e4afc04be0fd161eec82e4b72017e8a100d222f25d7b42b0140d/greenlet-3.5.2-cp314-cp314t-manylinux_2_24_ppc64le.manylinux_2_28_ppc64le.whl", hash = "sha256:a1789a6244ea1ba61fd4386c9a6a31873e9b0234762103364be98ef87dcb19f3", size = 658697, upload-time = "2026-06-17T18:29:48.365Z" },
    { url = "https://files.pythonhosted.org/packages/35/ad/9b3058f999b81750a9c6d9ec424f509462d232b58002086fe2ba63b66407/greenlet-3.5.2-cp314-cp314t-manylinux_2_24_s390x.manylinux_2_28_s390x.whl", hash = "sha256:2ee6288f1933d698b4f098127ed17bda2910a75d2807915bd16294a972055d6c", size = 658945, upload-time = "2026-06-17T18:39:32.509Z" },
    { url = "https://files.pythonhosted.org/packages/fa/99/6324b8ef916dcaddccb340b304c992ca3f947614ce0f2685d438187300b8/greenlet-3.5.2-cp314-cp314t-manylinux_2_24_x86_64.manylinux_2_28_x86_64.whl", hash = "sha256:3be00501fb4a8c37f6b4b3c4773808ceb26ea65c7ea64fd5735d0f330b3786de", size = 656436, upload-time = "2026-06-17T17:39:32.509Z" },
    { url = "https://files.pythonhosted.org/packages/92/75/1b6ecd8c027b69ab1b6798a84094df79aab5e69ac7e249c78b9d361dd1fa/greenlet-3.5.2-cp314-cp314t-manylinux_2_39_riscv64.whl", hash = "sha256:b4cad42662c796334c2d24607c411e3ed82481c1fb4e1e8ec3a5a8416060092e", size = 490529, upload-time = "2026-06-17T18:41:23.954Z" },
    { url = "https://files.pythonhosted.org/packages/a9/ee/f5bf9daac27c5e1b011965f64b5630a32b415daf7381b312943629e12c2a/greenlet-3.5.2-cp314-cp314t-musllinux_1_2_aarch64.whl", hash = "sha256:1d554cd96841a68d464d75a3736f8e87408a7b02b1930a75fa32feb408ad62f8", size = 1617193, upload-time = "2026-06-17T18:22:16.252Z" },
    { url = "https://files.pythonhosted.org/packages/8a/21/b05d5b12715bda92ce27c118d64971d21e9b8f3563ed959a7d271e2d4223/greenlet-3.5.2-cp314-cp314t-musllinux_1_2_x86_64.whl", hash = "sha256:3dff6cd3aac35f6cd3fc23460105acf576f5faf6c378de0bc088bf37c913864a", size = 1677512, upload-time = "2026-06-17T17:40:10.771Z" },
    { url = "https://files.pythonhosted.org/packages/b8/97/1b8f1314b868041b327dc1051603e8142b826480cb0ecb8a7b7632aee9c4/greenlet-3.5.2-cp314-cp314t-win_amd64.whl", hash = "sha256:36cfea2aa075d544617176b2e84450480f0797070ad8799a8c41ada2fe449d32", size = 243145, upload-time = "2026-06-17T17:34:37.502Z" },
    { url = "https://files.pythonhosted.org/packages/36/07/1b5311775e04c718a118c504d7a3a312430e2a1bd1347226aff4774e4549/greenlet-3.5.2-cp315-cp315-macosx_11_0_universal2.whl", hash = "sha256:a0314aa832c94633355dc6f3ee54f195159533355a323f26926fc63b98b2ccbb", size = 288315, upload-time = "2026-06-17T17:34:34.04Z" },
    { url = "https://files.pythonhosted.org/packages/ed/cc/6abcd2a486b58b9f77b7a93b690d59cb2c11a5906ed2ad4c63c7b9c1113d/greenlet-3.5.2-cp315-cp315-manylinux_2_24_aarch64.manylinux_2_28_aarch64.whl", hash = "sha256:24c59cb7db9d5c694cb8fd0c76eef8e456b2123afdfa7e4b8f2a67a0860d7682", size = 659130, upload-time = "2026-06-17T18:07:26.354Z" },
    { url = "https://files.pythonhosted.org/packages/f2/12/f4aaad6d3d383233f700ab322568a4f29f2c701a4861d85f4811d99689b2/greenlet-3.5.2-cp315-cp315-manylinux_2_24_ppc64le.manylinux_2_28_ppc64le.whl", hash = "sha256:7bb811753703739ad318112f16eccfaabdac050037b6d092debaa8b23566b4ce", size = 669724, upload-time = "2026-06-17T18:29:50.13Z" },
    { url = "https://files.pythonhosted.org/packages/53/e0/4ce3a046b51e53934eae93d7f9c13975a97285741e9e1fcadf8751314c37/greenlet-3.5.2-cp315-cp315-manylinux_2_24_s390x.manylinux_2_28_s390x.whl", hash = "sha256:2debcd0ef9455b7d4879589903efc8e497d4b8fb8c0ae772309e44d1ca5e957f", size = 673494, upload-time = "2026-06-17T18:39:34.196Z" },
    { url = "https://files.pythonhosted.org/packages/91/2a/a089811fc31c6bf8742f40a4e73470d6d401cef18e4314eb20dc399b377c/greenlet-3.5.2-cp315-cp315-manylinux_2_24_x86_64.manylinux_2_28_x86_64.whl", hash = "sha256:6d78b5c1c178dad90447f1b8452262709d3eef4c98f825569e74c9d0b2260ac9", size = 668089, upload-time = "2026-06-17T17:39:33.808Z" },
    { url = "https://files.pythonhosted.org/packages/52/e0/9c18721e63445dce02ee67e4c81c0f281626604ff55ae6f7b7f4354d7129/greenlet-3.5.2-cp315-cp315-manylinux_2_39_riscv64.whl", hash = "sha256:9558cae989faeab6fbb425cd98a0cfa4190a47fba6443973fbee0a1eb0b0b6c3", size = 479721, upload-time = "2026-06-17T18:41:25.726Z" },
    { url = "https://files.pythonhosted.org/packages/0f/1c/2f47c7d5fcfa98a62b705bf9a0505d86f4563c0d81cab1f7159ff1e743b7/greenlet-3.5.2-cp315-cp315-musllinux_1_2_aarch64.whl", hash = "sha256:0977af2df83136f81c1f76e76d4e2fe7d0dc56ea9c101a86af26a95190b9ca32", size = 1625684, upload-time = "2026-06-17T18:22:17.664Z" },
    { url = "https://files.pythonhosted.org/packages/b9/bf/661dd24624f70b7b32972d7693d0344ecde10278f647d7b828baf739899c/greenlet-3.5.2-cp315-cp315-musllinux_1_2_x86_64.whl", hash = "sha256:f9ed777c6891d8253e54468576f55e27f8fc1a662a664f946a191003574c0a74", size = 1688043, upload-time = "2026-06-17T17:40:12.403Z" },
    { url = "https://files.pythonhosted.org/packages/60/49/d9bde1d15a21296b3b521fe083eb8aabd54ac05d15de9832918f3d639543/greenlet-3.5.2-cp315-cp315-win_amd64.whl", hash = "sha256:c0ea4eb3de23f0bac1d75205e10ccfa9b418b17b01a2d7bf19e3b69dda08900a", size = 240531, upload-time = "2026-06-17T17:35:47.448Z" },
    { url = "https://files.pythonhosted.org/packages/7f/4d/86d7768bd53e9907de0333df215c2018cd01a593b3715cbd79aa82dd94b7/greenlet-3.5.2-cp315-cp315-win_arm64.whl", hash = "sha256:7a7bfc200be40d04961d7e80e8337d726c0c1a50777e588123c3ed8ba731dcb9", size = 239579, upload-time = "2026-06-17T17:39:39.954Z" },
    { url = "https://files.pythonhosted.org/packages/92/15/907be5e8900901039bae752fa9a31c03a3c1e064833f35a4e49449184581/greenlet-3.5.2-cp315-cp315t-macosx_11_0_universal2.whl", hash = "sha256:98a52d6a50d4deaba304331d83ee3e10ebbdc1517fcca40b2715d1de4534065c", size = 296697, upload-time = "2026-06-17T17:37:15.887Z" },
    { url = "https://files.pythonhosted.org/packages/95/5c/08c57be575c3d6a3c023bbf22144a1c7dc6ed4d134527bb36ded4dbf04a8/greenlet-3.5.2-cp315-cp315t-manylinux_2_24_aarch64.manylinux_2_28_aarch64.whl", hash = "sha256:1587ff8b58fdf806993ed1490a06ac19c22d47b219c68b30954380029045d8d4", size = 656710, upload-time = "2026-06-17T18:07:28.046Z" },
    { url = "https://files.pythonhosted.org/packages/8c/d0/749f917bdc9fc90fceea4aa65fbf6556e617a50714d1496bdc8ad190bb36/greenlet-3.5.2-cp315-cp315t-manylinux_2_24_ppc64le.manylinux_2_28_ppc64le.whl", hash = "sha256:feb721811d2754bfd16b48de151dd6b1f222c048e625151f2ca44cfdfd69f59c", size = 662629, upload-time = "2026-06-17T18:29:51.728Z" },
    { url = "https://files.pythonhosted.org/packages/55/87/10776cd88df54d0f563e9e21e98363f2d6af94bedc553b1da0972fa87f80/greenlet-3.5.2-cp315-cp315t-manylinux_2_24_s390x.manylinux_2_28_s390x.whl", hash = "sha256:a9476cbead736dc48ce89e3cd97acff95ecc48cbf21273603a438f9870c4a014", size = 663191, upload-time = "2026-06-17T18:39:35.639Z" },
    { url = "https://files.pythonhosted.org/packages/5a/a5/68cefae3a07f6d0093a490cf28ab604f14578f3e60205a2a2b2d5cd70af2/greenlet-3.5.2-cp315-cp315t-manylinux_2_24_x86_64.manylinux_2_28_x86_64.whl", hash = "sha256:7fe6062b1f35534e1e8fb28dfed406cf4eeff3e0bca3a0d9f8ff69f20a4abb00", size = 660147, upload-time = "2026-06-17T17:39:35.068Z" },
    { url = "https://files.pythonhosted.org/packages/02/aa/26ddf92826a99d87bfb8fdb8f3a262a6f16495a5d8e579737baa92fb4543/greenlet-3.5.2-cp315-cp315t-manylinux_2_39_riscv64.whl", hash = "sha256:5930d3946ecae99fa7fc0e3f3ae515426ad85058ebd9bfc6c00cca8016e6206b", size = 498199, upload-time = "2026-06-17T18:41:27.464Z" },
    { url = "https://files.pythonhosted.org/packages/d2/6b/b9156d8397e4750220f54c7c5c34650f1e740a8d2f66eab9cfd1b7b53b69/greenlet-3.5.2-cp315-cp315t-musllinux_1_2_aarch64.whl", hash = "sha256:b4ac902af825cbac8e9b2fccab8122236fd2ba6c8b71a080116d2c2ec72671b1", size = 1621675, upload-time = "2026-06-17T18:22:18.873Z" },
    { url = "https://files.pythonhosted.org/packages/b0/e3/d3250f4fa01c211a93d04e34fded63187e648dbec17b9b1a14d388040593/greenlet-3.5.2-cp315-cp315t-musllinux_1_2_x86_64.whl", hash = "sha256:6f1e473c06ae8be00c9034c2bb10fa277b08a93287e3111c395b839f01d27e1f", size = 1680577, upload-time = "2026-06-17T17:40:14.055Z" },
    { url = "https://files.pythonhosted.org/packages/55/ba/eaee8bda4419770d7096b5a009ebff0ab20a2a28cdd83c4b591bfdf36fa9/greenlet-3.5.2-cp315-cp315t-win_amd64.whl", hash = "sha256:3c2315045f9983e2e50d7e89d95405c21bddb8745f2da4487bc080ab3525f904", size = 243482, upload-time = "2026-06-17T17:37:34.741Z" },
    { url = "https://files.pythonhosted.org/packages/37/45/f794a81c91e9942c61f9110bd1f9a38a0ea565eab57f8b08cd53d3131e48/greenlet-3.5.2-cp315-cp315t-win_arm64.whl", hash = "sha256:db548d5ab6c2a8ead82c013f875090d79b5d7d2b67fc513934ce6cf66492ad7f", size = 242062, upload-time = "2026-06-17T17:35:39.814Z" },
]

[[package]]
name = "msgpack"
version = "1.2.1"
source = { registry = "https://pypi.org/simple" }
sdist = { url = "https://files.pythonhosted.org/packages/31/f9/c0a1c127f9049db9155afc316952ea571720dd01833ff5e4d7e8e6352dbb/msgpack-1.2.1.tar.gz", hash = "sha256:04c721c2c7448767e9e3f2520a475663d8ee0f09c31890f6d2bd70fd636a9647", size = 183960, upload-time = "2026-06-18T16:13:52.594Z" }
wheels = [
    { url = "https://files.pythonhosted.org/packages/b0/ac/dcddcab6f6c20ecb387ca5e980371cdb3f87ff69aeca388be97eebc4c074/msgpack-1.2.1-cp313-cp313-macosx_10_13_x86_64.whl", hash = "sha256:0a70e3cf2804a300d921bb0940426e35f4e489a23adfb77a808892241db0a064", size = 83151, upload-time = "2026-06-18T16:13:12.173Z" },
    { url = "https://files.pythonhosted.org/packages/64/71/fbcfa83a1d6a9c6091942d1cfd070962244664b87427a9a49a6897b1b219/msgpack-1.2.1-cp313-cp313-macosx_11_0_arm64.whl", hash = "sha256:491cc39455ca765fad51fb451bf2915eb2cf41192ab5801ce8d67c1d614fe056", size = 82351, upload-time = "2026-06-18T16:13:13.194Z" },
    { url = "https://files.pythonhosted.org/packages/e3/10/ddf7b06db879e8792d13934ddda09ff20bd2a583fd84c9b59aae9b0e650b/msgpack-1.2.1-cp313-cp313-manylinux2014_aarch64.manylinux_2_17_aarch64.manylinux_2_28_aarch64.whl", hash = "sha256:f310233ef7fb9c14e201c93639fe5f5260b005f56f0b29048e999c30935596cc", size = 407518, upload-time = "2026-06-18T16:13:14.233Z" },
    { url = "https://files.pythonhosted.org/packages/79/d3/36a46a8ed992b781acbc05928bd5bee3c810cb0c3563bf81a7b0c04a1a76/msgpack-1.2.1-cp313-cp313-manylinux2014_x86_64.manylinux_2_17_x86_64.manylinux_2_28_x86_64.whl", hash = "sha256:787c9bebb5833e8f6fc8abca3c0597683d8d87f56a8842b6b89c75a5f3176e2d", size = 416405, upload-time = "2026-06-18T16:13:15.435Z" },
    { url = "https://files.pythonhosted.org/packages/f9/84/e8e9598b557c0ba6ddae901a73780a4c75ac667dddf59414b1e56a42fb34/msgpack-1.2.1-cp313-cp313-manylinux_2_31_riscv64.manylinux_2_39_riscv64.whl", hash = "sha256:dc871b997a9370d855b7394465f2f350e847a5b806dd38dcc9c989e7d87da155", size = 376257, upload-time = "2026-06-18T16:13:17.022Z" },
    { url = "https://files.pythonhosted.org/packages/40/16/738fe6d875ad7e2a9429c165322a4ec088f4f273cdfae63d96a89c467961/msgpack-1.2.1-cp313-cp313-musllinux_1_2_aarch64.whl", hash = "sha256:85f57e960d877f2977f6430896191b04a21f8901b3b4baf2e4604329f4db5402", size = 397469, upload-time = "2026-06-18T16:13:18.287Z" },
    { url = "https://files.pythonhosted.org/packages/ca/be/6d5952df75a7f24f35833af764c3a6860780364cb3a0030beb8099e1b2b4/msgpack-1.2.1-cp313-cp313-musllinux_1_2_riscv64.whl", hash = "sha256:1233ee2dd0cefba127583de50ea654677277047d238303521db35def3d7b2e7c", size = 372802, upload-time = "2026-06-18T16:13:19.685Z" },
    { url = "https://files.pythonhosted.org/packages/e1/39/e2ef7dbf0473bcb8dc7c50bf782a892d67414877b63e47fc88eb189ef5e6/msgpack-1.2.1-cp313-cp313-musllinux_1_2_x86_64.whl", hash = "sha256:e3dc2feb0876209d9c38aa56cb1de169bd6c4348f1aa48271f241226590993e6", size = 411273, upload-time = "2026-06-18T16:13:21.028Z" },
    { url = "https://files.pythonhosted.org/packages/ef/c5/133f4512a56e983a93445c836c9d94d88f3bc2e0980ff4b9e577bd8416ce/msgpack-1.2.1-cp313-cp313-win32.whl", hash = "sha256:6d09badf350af2be9d189184e04e64cf54ad93569ab3d96fca58bd3e84aad707", size = 64471, upload-time = "2026-06-18T16:13:22.293Z" },
    { url = "https://files.pythonhosted.org/packages/e2/98/577e10b055096a7dd40732358cabaf7180a20c79ed1dcdbb618e4b9deac7/msgpack-1.2.1-cp313-cp313-win_amd64.whl", hash = "sha256:33f14fba63278b714efe6ad07e50ea5f03d91537aa6a1c5f1ceca4cf44013ca9", size = 71274, upload-time = "2026-06-18T16:13:23.455Z" },
    { url = "https://files.pythonhosted.org/packages/ba/ee/0c0048e7cfbef23c6a94791b8959ab28155232e7956de8a305b5ff588f05/msgpack-1.2.1-cp313-cp313-win_arm64.whl", hash = "sha256:afc5febcd4c99effbc02b528e49d6fd0760b2b7d48c05239e345a5fa6e743d9a", size = 64795, upload-time = "2026-06-18T16:13:24.687Z" },
    { url = "https://files.pythonhosted.org/packages/77/58/cce442852c6b9e1639c7c8ac8fd9143121cb32dab0f308df4d1426a8eb9c/msgpack-1.2.1-cp314-cp314-macosx_10_15_x86_64.whl", hash = "sha256:05f340e47e7e47d2da8db9b53e1bb1d294369e9ef45a747441309f6650b8351d", size = 83610, upload-time = "2026-06-18T16:13:25.724Z" },
    { url = "https://files.pythonhosted.org/packages/60/5c/15b4c7a0182f75ffa90751958ba36a9c01cafee367d49a3edc10ed140b01/msgpack-1.2.1-cp314-cp314-macosx_11_0_arm64.whl", hash = "sha256:810b916696c86ef0deb3b74588480224df4c1b071136c34183e4a2a4284d7ac7", size = 83138, upload-time = "2026-06-18T16:13:26.781Z" },
    { url = "https://files.pythonhosted.org/packages/b8/a6/99e58722feaffc5f2fbcc0c8c0d1451ab9f84097f7af87291b46af2390f4/msgpack-1.2.1-cp314-cp314-manylinux2014_aarch64.manylinux_2_17_aarch64.manylinux_2_28_aarch64.whl", hash = "sha256:ca0dacff965c47afdc3749a8469d7302a8f801d6a28758d55120d75e66ce6889", size = 406090, upload-time = "2026-06-18T16:13:28.072Z" },
    { url = "https://files.pythonhosted.org/packages/19/03/8c63e8cf52958534ef688625965ab04c269a6cadd8caef16758b380a821a/msgpack-1.2.1-cp314-cp314-manylinux2014_x86_64.manylinux_2_17_x86_64.manylinux_2_28_x86_64.whl", hash = "sha256:0e2bf9280bceb5efca998435904b5d3e9fdbcc11d90dc9df30aec7973252b720", size = 412106, upload-time = "2026-06-18T16:13:29.427Z" },
    { url = "https://files.pythonhosted.org/packages/63/d2/155d9e71b40e41fd934bc0c48b9b2770f22263e1ac20aad8e29fdca7be3f/msgpack-1.2.1-cp314-cp314-manylinux_2_31_riscv64.manylinux_2_39_riscv64.whl", hash = "sha256:aa6c4be5d1c02a42b066ca6ddb71adf36432868fdcdb6ee87e634e86e0674190", size = 374851, upload-time = "2026-06-18T16:13:30.631Z" },
    { url = "https://files.pythonhosted.org/packages/98/48/deaf2326262a8d5ea3295ce9649912ecd3f551ba7ec8e33c665d2ba583f3/msgpack-1.2.1-cp314-cp314-musllinux_1_2_aarch64.whl", hash = "sha256:ec0e675d59150a6269ddc9139087c722292664a37d071a849c05c473350f1f2d", size = 396168, upload-time = "2026-06-18T16:13:31.977Z" },
    { url = "https://files.pythonhosted.org/packages/10/2a/b4410f906c2ec0008f1608d3ab5143afc3ad3f4e6da0fed3ea2231d0bef4/msgpack-1.2.1-cp314-cp314-musllinux_1_2_riscv64.whl", hash = "sha256:dd3bfe82d53edfe4b7fc9a7ec9761e23a7a5b1dac22264505af428253c29ed24", size = 371959, upload-time = "2026-06-18T16:13:33.282Z" },
    { url = "https://files.pythonhosted.org/packages/59/86/1edc67270099a528fa2093ea60fe191233cd238e4bd30cfacf7db79fc959/msgpack-1.2.1-cp314-cp314-musllinux_1_2_x86_64.whl", hash = "sha256:5ad5467fc3f68b5468e06c5f788d712e9f8ffc8b0cd1bcb160c105c1ee92dae7", size = 408457, upload-time = "2026-06-18T16:13:34.567Z" },
    { url = "https://files.pythonhosted.org/packages/82/90/8b630fef07d8c5ab457b71ff2c217910c83d333c7a68472c186e87cc504a/msgpack-1.2.1-cp314-cp314-win32.whl", hash = "sha256:98b58bdb89c46190e4609bb36abe17c6d4105ad13f9c5f8f6f64d320f8ced3fb", size = 65942, upload-time = "2026-06-18T16:13:36.056Z" },
    { url = "https://files.pythonhosted.org/packages/16/f1/467b81e98b24dd3885d7b1857728797b4ffc76a7a7483af4fb321a07de3c/msgpack-1.2.1-cp314-cp314-win_amd64.whl", hash = "sha256:74847557e28ce71bd3c438a447ca90e4b507e997ddbdef8a12a7b283b86c156b", size = 72627, upload-time = "2026-06-18T16:13:37.079Z" },
    { url = "https://files.pythonhosted.org/packages/a7/1d/5d8c4c89985feb6acefb82a09e501c60392261856d2408d20bfe4f0360b1/msgpack-1.2.1-cp314-cp314-win_arm64.whl", hash = "sha256:b50b727bd652bdc37d950336c848ef20ec54a4cafc38dce19b1cd86ad625d0f7", size = 66908, upload-time = "2026-06-18T16:13:38.23Z" },
    { url = "https://files.pythonhosted.org/packages/1b/02/ad2afb678b4de94496cd432b581759b756a92c1192d8c767edd6b132efdc/msgpack-1.2.1-cp314-cp314t-macosx_10_15_x86_64.whl", hash = "sha256:8d00f177ca88a77c1cf848d204a38f249751650b601cb6532acc68805d8a8273", size = 86000, upload-time = "2026-06-18T16:13:39.44Z" },
    { url = "https://files.pythonhosted.org/packages/54/74/0b797484013128837f3b1cbb6cea019277c4de4e377dc512b4d9a0f92940/msgpack-1.2.1-cp314-cp314t-macosx_11_0_arm64.whl", hash = "sha256:5bb9c386f0a329c035ddbab4b72d1028bf9627add8dda41070288563d57ed1b1", size = 86544, upload-time = "2026-06-18T16:13:40.447Z" },
    { url = "https://files.pythonhosted.org/packages/a9/b4/b774d7eb95561739907fec675582f83203cf41c597a418c2589b4bfb8e9d/msgpack-1.2.1-cp314-cp314t-manylinux2014_aarch64.manylinux_2_17_aarch64.manylinux_2_28_aarch64.whl", hash = "sha256:20466cca18c49c7292a8984bc15d65857b171e7264bdcb5f96baf8be238791fc", size = 427661, upload-time = "2026-06-18T16:13:41.574Z" },
    { url = "https://files.pythonhosted.org/packages/b2/f9/3243191dc9937e00756c8bc1b0272fed8f23758e43df2a3b46f533e5090f/msgpack-1.2.1-cp314-cp314t-manylinux2014_x86_64.manylinux_2_17_x86_64.manylinux_2_28_x86_64.whl", hash = "sha256:196300e7e5d6e74d50f1607ab9c06c4a1484c383cd22defd727902591f7e8dde", size = 426375, upload-time = "2026-06-18T16:13:42.936Z" },
    { url = "https://files.pythonhosted.org/packages/23/c7/1693111db9944ba4ad4b67a1e788400d78a0b6af7a6523dc7e4e58f8274b/msgpack-1.2.1-cp314-cp314t-manylinux_2_31_riscv64.manylinux_2_39_riscv64.whl", hash = "sha256:575957e79cd51903a4e8495a242442949641e08f1efd5197b43bebd3ea7682b4", size = 380495, upload-time = "2026-06-18T16:13:44.306Z" },
    { url = "https://files.pythonhosted.org/packages/3e/2b/92f86956a0c13e8662f7e2ad630c4eb4db07497b967589bd5245e018b2c1/msgpack-1.2.1-cp314-cp314t-musllinux_1_2_aarch64.whl", hash = "sha256:8c2ed1e48cc0f460bf3c7780e7137ff21a4e18433451916f2442c1b21036cd7d", size = 410897, upload-time = "2026-06-18T16:13:45.629Z" },
    { url = "https://files.pythonhosted.org/packages/da/ea/1479f72d200313a76fc2f823a79d1e07ed052ab7b8a0280640aa7b95de42/msgpack-1.2.1-cp314-cp314t-musllinux_1_2_riscv64.whl", hash = "sha256:5f6277e5f783c36786a145e0247fc189a03f35f84b251646e53592d2bc12b355", size = 378519, upload-time = "2026-06-18T16:13:46.998Z" },
    { url = "https://files.pythonhosted.org/packages/f5/4d/fa006060ffa1011d32bfae826fe766fe73e02982183601633b7121058ab3/msgpack-1.2.1-cp314-cp314t-musllinux_1_2_x86_64.whl", hash = "sha256:f9389552ecf4784886345ead0647e4edc96bee37cbab05b75540f542f766c48c", size = 419815, upload-time = "2026-06-18T16:13:48.205Z" },
    { url = "https://files.pythonhosted.org/packages/2f/e1/aab6c946570496b78e67804721f3d5e2d62a93081b9b37df77764ef56347/msgpack-1.2.1-cp314-cp314t-win32.whl", hash = "sha256:c1c79a604a2969a868a78b6ebd27a887e00c624f14f66b3038e0590cb23332d1", size = 70914, upload-time = "2026-06-18T16:13:49.385Z" },
    { url = "https://files.pythonhosted.org/packages/13/0a/e608956488a2af014cfe6e3d665e090b8ee42aa14b07f8f95b8880d66b09/msgpack-1.2.1-cp314-cp314t-win_amd64.whl", hash = "sha256:f12038a35fabd52e56a3547bab42401af49a45caa6dd00b34c44de235bc93ee2", size = 77999, upload-time = "2026-06-18T16:13:50.467Z" },
    { url = "https://files.pythonhosted.org/packages/d2/8a/27e2e57055176e366a46b85d02d68e7a5bcfbdd8474c9706375d965f24d3/msgpack-1.2.1-cp314-cp314t-win_arm64.whl", hash = "sha256:0adcf06ffde0777c0e1a9b771a2b1c4226ba1bbf748c8efcc02fcdeca3299107", size = 71160, upload-time = "2026-06-18T16:13:51.498Z" },
]

[[package]]
name = "pynvim"
version = "0.6.0"
source = { registry = "https://pypi.org/simple" }
dependencies = [
    { name = "greenlet", marker = "platform_python_implementation != 'PyPy'" },
    { name = "msgpack" },
]
sdist = { url = "https://files.pythonhosted.org/packages/04/d7/c4412e6219661fd8689cdd9553988f8ea38c151067d70c49436977688aa9/pynvim-0.6.0.tar.gz", hash = "sha256:0ffcb879322d08f9e9061e1123dd58ba3a5ccfbd4999bb1157bac525822aa590", size = 51478, upload-time = "2025-09-07T18:35:37.601Z" }
wheels = [
    { url = "https://files.pythonhosted.org/packages/54/2d/c28b9293975ed9ee05e52f1d316cb402ba6edb232baa0497754a70182ca2/pynvim-0.6.0-py3-none-any.whl", hash = "sha256:29f92ff3fde9e52c263e6bfd7f30345be05bfc7b5c21484da1cc38a8d8e5e98f", size = 47633, upload-time = "2025-09-07T18:35:36.348Z" },
]
